# THIS IS AN AUTOGENERATED FILE. DO NOT EDIT THIS FILE DIRECTLY.
# yarn lockfile v1


"@types/hast@^2.0.0":
  version "2.3.1"
  resolved "https://registry.yarnpkg.com/@types/hast/-/hast-2.3.1.tgz#b16872f2a6144c7025f296fb9636a667ebb79cd9"
  integrity sha512-viwwrB+6xGzw+G1eWpF9geV3fnsDgXqHG+cqgiHrvQfDUW5hzhCyV7Sy3UJxhfRFBsgky2SSW33qi/YrIkjX5Q==
  dependencies:
    "@types/unist" "*"

"@types/mdast@^3.0.0":
  version "3.0.3"
  resolved "https://registry.yarnpkg.com/@types/mdast/-/mdast-3.0.3.tgz#2d7d671b1cd1ea3deb306ea75036c2a0407d2deb"
  integrity sha512-SXPBMnFVQg1s00dlMCc/jCdvPqdE4mXaMMCeRlxLDmTAEoegHT53xKtkDnzDTOcmMHUfcjyf36/YYZ6SxRdnsw==
  dependencies:
    "@types/unist" "*"

"@types/parse5@^5.0.0":
  version "5.0.3"
  resolved "https://registry.yarnpkg.com/@types/parse5/-/parse5-5.0.3.tgz#e7b5aebbac150f8b5fdd4a46e7f0bd8e65e19109"
  integrity sha512-kUNnecmtkunAoQ3CnjmMkzNU/gtxG8guhi+Fk2U/kOpIKjIMKnXGp4IJCgQJrXSgMsWYimYG4TGjz/UzbGEBTw==

"@types/unist@*", "@types/unist@^2.0.0", "@types/unist@^2.0.2":
  version "2.0.3"
  resolved "https://registry.yarnpkg.com/@types/unist/-/unist-2.0.3.tgz#9c088679876f374eb5983f150d4787aa6fb32d7e"
  integrity sha512-FvUupuM3rlRsRtCN+fDudtmytGO6iHJuuRKS1Ss0pG5z8oX0diNEw94UEL7hgDbpN94rgaK5R7sWm6RrSkZuAQ==

ansi-regex@^5.0.0:
  version "5.0.0"
  resolved "https://registry.yarnpkg.com/ansi-regex/-/ansi-regex-5.0.0.tgz#388539f55179bf39339c81af30a654d69f87cb75"
  integrity sha512-bY6fj56OUQ0hU1KjFNDQuJFezqKdrAyFdIevADiqrWHwSlbmBNMHp5ak2f40Pm8JTFyM2mqxkG6ngkHO11f/lg==

at-least-node@^1.0.0:
  version "1.0.0"
  resolved "https://registry.yarnpkg.com/at-least-node/-/at-least-node-1.0.0.tgz#602cd4b46e844ad4effc92a8011a3c46e0238dc2"
  integrity sha512-+q/t7Ekv1EDY2l6Gda6LLiX14rU9TV20Wa3ofeQmwPFZbOMo9DXrLbOjFaaclkXKWidIaopwAObQDqwWtGUjqg==

bail@^1.0.0:
  version "1.0.5"
  resolved "https://registry.yarnpkg.com/bail/-/bail-1.0.5.tgz#b6fa133404a392cbc1f8c4bf63f5953351e7a776"
  integrity sha512-xFbRxM1tahm08yHBP16MMjVUAvDaBMD38zsM9EMAUN61omwLmKlOpB/Zku5QkjZ8TZ4vn53pj+t518cH0S03RQ==

boolbase@^1.0.0:
  version "1.0.0"
  resolved "https://registry.yarnpkg.com/boolbase/-/boolbase-1.0.0.tgz#68dff5fbe60c51eb37725ea9e3ed310dcc1e776e"
  integrity sha1-aN/1++YMUes3cl6p4+0xDcwed24=

ccount@^1.0.0:
  version "1.1.0"
  resolved "https://registry.yarnpkg.com/ccount/-/ccount-1.1.0.tgz#246687debb6014735131be8abab2d93898f8d043"
  integrity sha512-vlNK021QdI7PNeiUh/lKkC/mNHHfV0m/Ad5JoI0TYtlBnJAslM/JIkm/tGC88bkLIwO6OQ5uV6ztS6kVAtCDlg==

character-entities-html4@^1.0.0:
  version "1.1.4"
  resolved "https://registry.yarnpkg.com/character-entities-html4/-/character-entities-html4-1.1.4.tgz#0e64b0a3753ddbf1fdc044c5fd01d0199a02e125"
  integrity sha512-HRcDxZuZqMx3/a+qrzxdBKBPUpxWEq9xw2OPZ3a/174ihfrQKVsFhqtthBInFy1zZ9GgZyFXOatNujm8M+El3g==

character-entities-legacy@^1.0.0:
  version "1.1.4"
  resolved "https://registry.yarnpkg.com/character-entities-legacy/-/character-entities-legacy-1.1.4.tgz#94bc1845dce70a5bb9d2ecc748725661293d8fc1"
  integrity sha512-3Xnr+7ZFS1uxeiUDvV02wQ+QDbc55o97tIV5zHScSPJpcLm/r0DFPcoY3tYRp+VZukxuMeKgXYmsXQHO05zQeA==

character-entities@^1.0.0:
  version "1.2.4"
  resolved "https://registry.yarnpkg.com/character-entities/-/character-entities-1.2.4.tgz#e12c3939b7eaf4e5b15e7ad4c5e28e1d48c5b16b"
  integrity sha512-iBMyeEHxfVnIakwOuDXpVkc54HijNgCyQB2w0VfGQThle6NXn50zU6V/u+LDhxHcDUPojn6Kpga3PTAD8W1bQw==

character-reference-invalid@^1.0.0:
  version "1.1.4"
  resolved "https://registry.yarnpkg.com/character-reference-invalid/-/character-reference-invalid-1.1.4.tgz#083329cda0eae272ab3dbbf37e9a382c13af1560"
  integrity sha512-mKKUkUbhPpQlCOfIuZkvSEgktjPFIsZKRRbC6KWVEMvlzblj3i3asQv5ODsrwt0N3pHAEvjP8KTQPHkp0+6jOg==

comma-separated-tokens@^1.0.0:
  version "1.0.8"
  resolved "https://registry.yarnpkg.com/comma-separated-tokens/-/comma-separated-tokens-1.0.8.tgz#632b80b6117867a158f1080ad498b2fbe7e3f5ea"
  integrity sha512-GHuDRO12Sypu2cV70d1dkA2EUmXHgntrzbpvOB+Qy+49ypNfGgFQIC2fhhXbnyrJRynDCAARsT7Ou0M6hirpfw==

css-selector-parser@^1.0.0:
  version "1.4.1"
  resolved "https://registry.yarnpkg.com/css-selector-parser/-/css-selector-parser-1.4.1.tgz#03f9cb8a81c3e5ab2c51684557d5aaf6d2569759"
  integrity sha512-HYPSb7y/Z7BNDCOrakL4raGO2zltZkbeXyAd6Tg9obzix6QhzxCotdBl6VT0Dv4vZfJGVz3WL/xaEI9Ly3ul0g==

debug@^4.0.0:
  version "4.3.1"
  resolved "https://registry.yarnpkg.com/debug/-/debug-4.3.1.tgz#f0d229c505e0c6d8c49ac553d1b13dc183f6b2ee"
  integrity sha512-doEwdvm4PCeK4K3RQN2ZC2BYUBaxwLARCqZmMjtF8a51J2Rb0xpVloFRnCODwqjpwnAoao4pelN8l3RJdv3gRQ==
  dependencies:
    ms "2.1.2"

emoji-regex@^8.0.0:
  version "8.0.0"
  resolved "https://registry.yarnpkg.com/emoji-regex/-/emoji-regex-8.0.0.tgz#e818fd69ce5ccfcb404594f842963bf53164cc37"
  integrity sha512-MSjYzcWNOA0ewAHpz0MxpYFvwg6yjy1NG3xteoqz644VCo/RPgnr1/GGt+ic3iJTzQ8Eu3TdM14SawnVUmGE6A==

escape-string-regexp@^4.0.0:
  version "4.0.0"
  resolved "https://registry.yarnpkg.com/escape-string-regexp/-/escape-string-regexp-4.0.0.tgz#14ba83a5d373e3d311e5afca29cf5bfad965bf34"
  integrity sha512-TtpcNJ3XAzx3Gq8sWRzJaVajRs0uVxA2YAkdb1jm2YkPz4G6egUFAyA3n5vtEIZefPk5Wa4UXbKuS5fKkJWdgA==

extend@^3.0.0:
  version "3.0.2"
  resolved "https://registry.yarnpkg.com/extend/-/extend-3.0.2.tgz#f8b1136b4071fbd8eb140aff858b1019ec2915fa"
  integrity sha512-fjquC59cD7CyW6urNXK0FBufkZcoiGG80wTuPujX590cB5Ttln20E2UB4S/WARVqhXffZl2LNgS+gQdPIIim/g==

fault@^1.0.0:
  version "1.0.4"
  resolved "https://registry.yarnpkg.com/fault/-/fault-1.0.4.tgz#eafcfc0a6d214fc94601e170df29954a4f842f13"
  integrity sha512-CJ0HCB5tL5fYTEA7ToAq5+kTwd++Borf1/bifxd9iT70QcXr4MRrO3Llf8Ifs70q+SJcGHFtnIE/Nw6giCtECA==
  dependencies:
    format "^0.2.0"

format@^0.2.0:
  version "0.2.2"
  resolved "https://registry.yarnpkg.com/format/-/format-0.2.2.tgz#d6170107e9efdc4ed30c9dc39016df942b5cb58b"
  integrity sha1-1hcBB+nv3E7TDJ3DkBbflCtctYs=

fs-extra@^9.1.0:
  version "9.1.0"
  resolved "https://registry.yarnpkg.com/fs-extra/-/fs-extra-9.1.0.tgz#5954460c764a8da2094ba3554bf839e6b9a7c86d"
  integrity sha512-hcg3ZmepS30/7BSFqRvoo3DOMQu7IjqxO5nCDt+zM9XWjb33Wg7ziNT+Qvqbuc3+gWpzO02JubVyk2G4Zvo1OQ==
  dependencies:
    at-least-node "^1.0.0"
    graceful-fs "^4.2.0"
    jsonfile "^6.0.1"
    universalify "^2.0.0"

graceful-fs@^4.1.6, graceful-fs@^4.2.0:
  version "4.2.6"
  resolved "https://registry.yarnpkg.com/graceful-fs/-/graceful-fs-4.2.6.tgz#ff040b2b0853b23c3d31027523706f1885d76bee"
  integrity sha512-nTnJ528pbqxYanhpDYsi4Rd8MAeaBA67+RZ10CM1m3bTAVFEDcd5AuA4a6W5YkGZ1iNXHzZz8T6TBKLeBuNriQ==

has-flag@^3.0.0:
  version "3.0.0"
  resolved "https://registry.yarnpkg.com/has-flag/-/has-flag-3.0.0.tgz#b5d454dc2199ae225699f3467e5a07f3b955bafd"
  integrity sha1-tdRU3CGZriJWmfNGfloH87lVuv0=

hast-util-from-parse5@^6.0.0:
  version "6.0.1"
  resolved "https://registry.yarnpkg.com/hast-util-from-parse5/-/hast-util-from-parse5-6.0.1.tgz#554e34abdeea25ac76f5bd950a1f0180e0b3bc2a"
  integrity sha512-jeJUWiN5pSxW12Rh01smtVkZgZr33wBokLzKLwinYOUfSzm1Nl/c3GUGebDyOKjdsRgMvoVbV0VpAcpjF4NrJA==
  dependencies:
    "@types/parse5" "^5.0.0"
    hastscript "^6.0.0"
    property-information "^5.0.0"
    vfile "^4.0.0"
    vfile-location "^3.2.0"
    web-namespaces "^1.0.0"

hast-util-is-element@^1.0.0:
  version "1.1.0"
  resolved "https://registry.yarnpkg.com/hast-util-is-element/-/hast-util-is-element-1.1.0.tgz#3b3ed5159a2707c6137b48637fbfe068e175a425"
  integrity sha512-oUmNua0bFbdrD/ELDSSEadRVtWZOf3iF6Lbv81naqsIV99RnSCieTbWuWCY8BAeEfKJTKl0gRdokv+dELutHGQ==

hast-util-parse-selector@^2.0.0:
  version "2.2.5"
  resolved "https://registry.yarnpkg.com/hast-util-parse-selector/-/hast-util-parse-selector-2.2.5.tgz#d57c23f4da16ae3c63b3b6ca4616683313499c3a"
  integrity sha512-7j6mrk/qqkSehsM92wQjdIgWM2/BW61u/53G6xmC8i1OmEdKLHbk419QKQUjz6LglWsfqoiHmyMRkP1BGjecNQ==

hast-util-to-html@^7.1.1:
  version "7.1.2"
  resolved "https://registry.yarnpkg.com/hast-util-to-html/-/hast-util-to-html-7.1.2.tgz#db677f0ee483658cea0eecc9dec30aba42b67111"
  integrity sha512-pu73bvORzdF6XZgwl9eID/0RjBb/jtRfoGRRSykpR1+o9rCdiAHpgkSukZsQBRlIqMg6ylAcd7F0F7myJUb09Q==
  dependencies:
    ccount "^1.0.0"
    comma-separated-tokens "^1.0.0"
    hast-util-is-element "^1.0.0"
    hast-util-whitespace "^1.0.0"
    html-void-elements "^1.0.0"
    property-information "^5.0.0"
    space-separated-tokens "^1.0.0"
    stringify-entities "^3.0.1"
    unist-util-is "^4.0.0"
    xtend "^4.0.0"

hast-util-whitespace@^1.0.0:
  version "1.0.4"
  resolved "https://registry.yarnpkg.com/hast-util-whitespace/-/hast-util-whitespace-1.0.4.tgz#e4fe77c4a9ae1cb2e6c25e02df0043d0164f6e41"
  integrity sha512-I5GTdSfhYfAPNztx2xJRQpG8cuDSNt599/7YUn7Gx/WxNMsG+a835k97TDkFgk123cwjfwINaZknkKkphx/f2A==

hastscript@^6.0.0:
  version "6.0.0"
  resolved "https://registry.yarnpkg.com/hastscript/-/hastscript-6.0.0.tgz#e8768d7eac56c3fdeac8a92830d58e811e5bf640"
  integrity sha512-nDM6bvd7lIqDUiYEiu5Sl/+6ReP0BMk/2f4U/Rooccxkj0P5nm+acM5PrGJ/t5I8qPGiqZSE6hVAwZEdZIvP4w==
  dependencies:
    "@types/hast" "^2.0.0"
    comma-separated-tokens "^1.0.0"
    hast-util-parse-selector "^2.0.0"
    property-information "^5.0.0"
    space-separated-tokens "^1.0.0"

html-void-elements@^1.0.0:
  version "1.0.5"
  resolved "https://registry.yarnpkg.com/html-void-elements/-/html-void-elements-1.0.5.tgz#ce9159494e86d95e45795b166c2021c2cfca4483"
  integrity sha512-uE/TxKuyNIcx44cIWnjr/rfIATDH7ZaOMmstu0CwhFG1Dunhlp4OC6/NMbhiwoq5BpW0ubi303qnEk/PZj614w==

is-alphabetical@^1.0.0:
  version "1.0.4"
  resolved "https://registry.yarnpkg.com/is-alphabetical/-/is-alphabetical-1.0.4.tgz#9e7d6b94916be22153745d184c298cbf986a686d"
  integrity sha512-DwzsA04LQ10FHTZuL0/grVDk4rFoVH1pjAToYwBrHSxcrBIGQuXrQMtD5U1b0U2XVgKZCTLLP8u2Qxqhy3l2Vg==

is-alphanumerical@^1.0.0:
  version "1.0.4"
  resolved "https://registry.yarnpkg.com/is-alphanumerical/-/is-alphanumerical-1.0.4.tgz#7eb9a2431f855f6b1ef1a78e326df515696c4dbf"
  integrity sha512-UzoZUr+XfVz3t3v4KyGEniVL9BDRoQtY7tOyrRybkVNjDFWyo1yhXNGrrBTQxp3ib9BLAWs7k2YKBQsFRkZG9A==
  dependencies:
    is-alphabetical "^1.0.0"
    is-decimal "^1.0.0"

is-buffer@^2.0.0:
  version "2.0.5"
  resolved "https://registry.yarnpkg.com/is-buffer/-/is-buffer-2.0.5.tgz#ebc252e400d22ff8d77fa09888821a24a658c191"
  integrity sha512-i2R6zNFDwgEHJyQUtJEk0XFi1i0dPFn/oqjK3/vPCcDeJvW5NQ83V8QbicfF1SupOaB0h8ntgBC2YiE7dfyctQ==

is-decimal@^1.0.0:
  version "1.0.4"
  resolved "https://registry.yarnpkg.com/is-decimal/-/is-decimal-1.0.4.tgz#65a3a5958a1c5b63a706e1b333d7cd9f630d3fa5"
  integrity sha512-RGdriMmQQvZ2aqaQq3awNA6dCGtKpiDFcOzrTWrDAT2MiWrKQVPmxLGHl7Y2nNu6led0kEyoX0enY0qXYsv9zw==

is-fullwidth-code-point@^3.0.0:
  version "3.0.0"
  resolved "https://registry.yarnpkg.com/is-fullwidth-code-point/-/is-fullwidth-code-point-3.0.0.tgz#f116f8064fe90b3f7844a38997c0b75051269f1d"
  integrity sha512-zymm5+u+sCsSWyD9qNaejV3DFvhCKclKdizYaJUuHA83RLjb7nSuGnddCHGv0hk+KY7BMAlsWeK4Ueg6EV6XQg==

is-hexadecimal@^1.0.0:
  version "1.0.4"
  resolved "https://registry.yarnpkg.com/is-hexadecimal/-/is-hexadecimal-1.0.4.tgz#cc35c97588da4bd49a8eedd6bc4082d44dcb23a7"
  integrity sha512-gyPJuv83bHMpocVYoqof5VDiZveEoGoFL8m3BXNb2VW8Xs+rz9kqO8LOQ5DH6EsuvilT1ApazU0pyl+ytbPtlw==

is-plain-obj@^2.0.0:
  version "2.1.0"
  resolved "https://registry.yarnpkg.com/is-plain-obj/-/is-plain-obj-2.1.0.tgz#45e42e37fccf1f40da8e5f76ee21515840c09287"
  integrity sha512-YWnfyRwxL/+SsrWYfOpUtz5b3YD+nyfkHvjbcanzk8zgyO4ASD67uVMRt8k5bM4lLMDnXfriRhOpemw+NfT1eA==

jsonfile@^6.0.1:
  version "6.1.0"
  resolved "https://registry.yarnpkg.com/jsonfile/-/jsonfile-6.1.0.tgz#bc55b2634793c679ec6403094eb13698a6ec0aae"
  integrity sha512-5dgndWOriYSm5cnYaJNhalLNDKOqFwyDB/rr1E9ZsGciGvKPs8R2xYGCacuf3z6K1YKDz182fd+fY3cn3pMqXQ==
  dependencies:
    universalify "^2.0.0"
  optionalDependencies:
    graceful-fs "^4.1.6"

lodash.iteratee@^4.5.0:
  version "4.7.0"
  resolved "https://registry.yarnpkg.com/lodash.iteratee/-/lodash.iteratee-4.7.0.tgz#be4177db289a8ccc3c0990f1db26b5b22fc1554c"
  integrity sha1-vkF32yiajMw8CZDx2ya1si/BVUw=

longest-streak@^2.0.0:
  version "2.0.4"
  resolved "https://registry.yarnpkg.com/longest-streak/-/longest-streak-2.0.4.tgz#b8599957da5b5dab64dee3fe316fa774597d90e4"
  integrity sha512-vM6rUVCVUJJt33bnmHiZEvr7wPT78ztX7rojL+LW51bHtLh6HTjx84LA5W4+oa6aKEJA7jJu5LR6vQRBpA5DVg==

markdown-table@^2.0.0:
  version "2.0.0"
  resolved "https://registry.yarnpkg.com/markdown-table/-/markdown-table-2.0.0.tgz#194a90ced26d31fe753d8b9434430214c011865b"
  integrity sha512-Ezda85ToJUBhM6WGaG6veasyym+Tbs3cMAw/ZhOPqXiYsr0jgocBV3j3nx+4lk47plLlIqjwuTm/ywVI+zjJ/A==
  dependencies:
    repeat-string "^1.0.0"

mdast-util-find-and-replace@^1.1.0:
  version "1.1.1"
  resolved "https://registry.yarnpkg.com/mdast-util-find-and-replace/-/mdast-util-find-and-replace-1.1.1.tgz#b7db1e873f96f66588c321f1363069abf607d1b5"
  integrity sha512-9cKl33Y21lyckGzpSmEQnIDjEfeeWelN5s1kUW1LwdB0Fkuq2u+4GdqcGEygYxJE8GVqCl0741bYXHgamfWAZA==
  dependencies:
    escape-string-regexp "^4.0.0"
    unist-util-is "^4.0.0"
    unist-util-visit-parents "^3.0.0"

mdast-util-from-markdown@^0.8.0, mdast-util-from-markdown@^0.8.5:
  version "0.8.5"
  resolved "https://registry.yarnpkg.com/mdast-util-from-markdown/-/mdast-util-from-markdown-0.8.5.tgz#d1ef2ca42bc377ecb0463a987910dae89bd9a28c"
  integrity sha512-2hkTXtYYnr+NubD/g6KGBS/0mFmBcifAsI0yIWRiRo0PjVs6SSOSOdtzbp6kSGnShDN6G5aWZpKQ2lWRy27mWQ==
  dependencies:
    "@types/mdast" "^3.0.0"
    mdast-util-to-string "^2.0.0"
    micromark "~2.11.0"
    parse-entities "^2.0.0"
    unist-util-stringify-position "^2.0.0"

mdast-util-frontmatter@^0.2.0:
  version "0.2.0"
  resolved "https://registry.yarnpkg.com/mdast-util-frontmatter/-/mdast-util-frontmatter-0.2.0.tgz#8bd5cd55e236c03e204a036f7372ebe9e6748240"
  integrity sha512-FHKL4w4S5fdt1KjJCwB0178WJ0evnyyQr5kXTM3wrOVpytD0hrkvd+AOOjU9Td8onOejCkmZ+HQRT3CZ3coHHQ==
  dependencies:
    micromark-extension-frontmatter "^0.2.0"

mdast-util-gfm-autolink-literal@^0.1.0:
  version "0.1.3"
  resolved "https://registry.yarnpkg.com/mdast-util-gfm-autolink-literal/-/mdast-util-gfm-autolink-literal-0.1.3.tgz#9c4ff399c5ddd2ece40bd3b13e5447d84e385fb7"
  integrity sha512-GjmLjWrXg1wqMIO9+ZsRik/s7PLwTaeCHVB7vRxUwLntZc8mzmTsLVr6HW1yLokcnhfURsn5zmSVdi3/xWWu1A==
  dependencies:
    ccount "^1.0.0"
    mdast-util-find-and-replace "^1.1.0"
    micromark "^2.11.3"

mdast-util-gfm-strikethrough@^0.2.0:
  version "0.2.3"
  resolved "https://registry.yarnpkg.com/mdast-util-gfm-strikethrough/-/mdast-util-gfm-strikethrough-0.2.3.tgz#45eea337b7fff0755a291844fbea79996c322890"
  integrity sha512-5OQLXpt6qdbttcDG/UxYY7Yjj3e8P7X16LzvpX8pIQPYJ/C2Z1qFGMmcw+1PZMUM3Z8wt8NRfYTvCni93mgsgA==
  dependencies:
    mdast-util-to-markdown "^0.6.0"

mdast-util-gfm-table@^0.1.0:
  version "0.1.6"
  resolved "https://registry.yarnpkg.com/mdast-util-gfm-table/-/mdast-util-gfm-table-0.1.6.tgz#af05aeadc8e5ee004eeddfb324b2ad8c029b6ecf"
  integrity sha512-j4yDxQ66AJSBwGkbpFEp9uG/LS1tZV3P33fN1gkyRB2LoRL+RR3f76m0HPHaby6F4Z5xr9Fv1URmATlRRUIpRQ==
  dependencies:
    markdown-table "^2.0.0"
    mdast-util-to-markdown "~0.6.0"

mdast-util-gfm-task-list-item@^0.1.0:
  version "0.1.6"
  resolved "https://registry.yarnpkg.com/mdast-util-gfm-task-list-item/-/mdast-util-gfm-task-list-item-0.1.6.tgz#70c885e6b9f543ddd7e6b41f9703ee55b084af10"
  integrity sha512-/d51FFIfPsSmCIRNp7E6pozM9z1GYPIkSy1urQ8s/o4TC22BZ7DqfHFWiqBD23bc7J3vV1Fc9O4QIHBlfuit8A==
  dependencies:
    mdast-util-to-markdown "~0.6.0"

mdast-util-gfm@^0.1.0, mdast-util-gfm@^0.1.2:
  version "0.1.2"
  resolved "https://registry.yarnpkg.com/mdast-util-gfm/-/mdast-util-gfm-0.1.2.tgz#8ecddafe57d266540f6881f5c57ff19725bd351c"
  integrity sha512-NNkhDx/qYcuOWB7xHUGWZYVXvjPFFd6afg6/e2g+SV4r9q5XUcCbV4Wfa3DLYIiD+xAEZc6K4MGaE/m0KDcPwQ==
  dependencies:
    mdast-util-gfm-autolink-literal "^0.1.0"
    mdast-util-gfm-strikethrough "^0.2.0"
    mdast-util-gfm-table "^0.1.0"
    mdast-util-gfm-task-list-item "^0.1.0"
    mdast-util-to-markdown "^0.6.1"

mdast-util-to-markdown@^0.6.0, mdast-util-to-markdown@^0.6.1, mdast-util-to-markdown@^0.6.5, mdast-util-to-markdown@~0.6.0:
  version "0.6.5"
  resolved "https://registry.yarnpkg.com/mdast-util-to-markdown/-/mdast-util-to-markdown-0.6.5.tgz#b33f67ca820d69e6cc527a93d4039249b504bebe"
  integrity sha512-XeV9sDE7ZlOQvs45C9UKMtfTcctcaj/pGwH8YLbMHoMOXNNCn2LsqVQOqrF1+/NU8lKDAqozme9SCXWyo9oAcQ==
  dependencies:
    "@types/unist" "^2.0.0"
    longest-streak "^2.0.0"
    mdast-util-to-string "^2.0.0"
    parse-entities "^2.0.0"
    repeat-string "^1.0.0"
    zwitch "^1.0.0"

mdast-util-to-string@^2.0.0:
  version "2.0.0"
  resolved "https://registry.yarnpkg.com/mdast-util-to-string/-/mdast-util-to-string-2.0.0.tgz#b8cfe6a713e1091cb5b728fc48885a4767f8b97b"
  integrity sha512-AW4DRS3QbBayY/jJmD8437V1Gombjf8RSOUCMFBuo5iHi58AGEgVCKQ+ezHkZZDpAQS75hcBMpLqjpJTjtUL7w==

micromark-extension-frontmatter@^0.2.0:
  version "0.2.2"
  resolved "https://registry.yarnpkg.com/micromark-extension-frontmatter/-/micromark-extension-frontmatter-0.2.2.tgz#61b8e92e9213e1d3c13f5a59e7862f5ca98dfa53"
  integrity sha512-q6nPLFCMTLtfsctAuS0Xh4vaolxSFUWUWR6PZSrXXiRy+SANGllpcqdXFv2z07l0Xz/6Hl40hK0ffNCJPH2n1A==
  dependencies:
    fault "^1.0.0"

micromark-extension-gfm-autolink-literal@~0.5.0:
  version "0.5.6"
  resolved "https://registry.yarnpkg.com/micromark-extension-gfm-autolink-literal/-/micromark-extension-gfm-autolink-literal-0.5.6.tgz#406a58914d7a9cc6fb4cfafccc61a8ca36d7a12a"
  integrity sha512-nHbR1NUOVhmlZNsnhE5B7WJzL7Xd8lc888z4AF27IpHMtO3NstclZmbrMI+AcdTPpO1wuGVwlK1Cnq+n8Sxlrw==
  dependencies:
    micromark "~2.11.3"

micromark-extension-gfm-strikethrough@~0.6.0:
  version "0.6.3"
  resolved "https://registry.yarnpkg.com/micromark-extension-gfm-strikethrough/-/micromark-extension-gfm-strikethrough-0.6.3.tgz#b46cc7ee6c21940dd35e46aa49a11a24f92aedd5"
  integrity sha512-MKMoP9x2dsr1aeX46ibBwVf4Q6nJsi5aaUFTOMOID5VOLSxwl4CrqUV4OGFQd6AqhtzBJAxaV+N2trlTBtZDNQ==
  dependencies:
    micromark "~2.11.0"

micromark-extension-gfm-table@~0.4.0:
  version "0.4.2"
  resolved "https://registry.yarnpkg.com/micromark-extension-gfm-table/-/micromark-extension-gfm-table-0.4.2.tgz#24384ee9f9af1575295a0adf106d2e93f967a71f"
  integrity sha512-AAzmj85XO1ydHYX0Lz52HGhcH2sZLm2AVvkwzELXWgZF6vGdq5yZ3CTByFRsqNUPyQBSIYFKLDAtc6KlnO42aw==
  dependencies:
    micromark "~2.11.0"

micromark-extension-gfm-tagfilter@~0.3.0:
  version "0.3.0"
  resolved "https://registry.yarnpkg.com/micromark-extension-gfm-tagfilter/-/micromark-extension-gfm-tagfilter-0.3.0.tgz#d9f26a65adee984c9ccdd7e182220493562841ad"
  integrity sha512-9GU0xBatryXifL//FJH+tAZ6i240xQuFrSL7mYi8f4oZSbc+NvXjkrHemeYP0+L4ZUT+Ptz3b95zhUZnMtoi/Q==

micromark-extension-gfm-task-list-item@~0.3.0:
  version "0.3.3"
  resolved "https://registry.yarnpkg.com/micromark-extension-gfm-task-list-item/-/micromark-extension-gfm-task-list-item-0.3.3.tgz#d90c755f2533ed55a718129cee11257f136283b8"
  integrity sha512-0zvM5iSLKrc/NQl84pZSjGo66aTGd57C1idmlWmE87lkMcXrTxg1uXa/nXomxJytoje9trP0NDLvw4bZ/Z/XCQ==
  dependencies:
    micromark "~2.11.0"

micromark-extension-gfm@^0.3.0, micromark-extension-gfm@^0.3.2:
  version "0.3.2"
  resolved "https://registry.yarnpkg.com/micromark-extension-gfm/-/micromark-extension-gfm-0.3.2.tgz#def1fa3b743baee88a140a6821e12b09ed832563"
  integrity sha512-ToQEpLkRgg7Tp8D3GM/SjZFPV0cCwWNxZmoEVIOQivOswRtPg7gg2WlCrtHhUWFNX+DgDjbq0iLOPGp4Y15oug==
  dependencies:
    micromark "~2.11.0"
    micromark-extension-gfm-autolink-literal "~0.5.0"
    micromark-extension-gfm-strikethrough "~0.6.0"
    micromark-extension-gfm-table "~0.4.0"
    micromark-extension-gfm-tagfilter "~0.3.0"
    micromark-extension-gfm-task-list-item "~0.3.0"

micromark@^2.11.3, micromark@~2.11.0, micromark@~2.11.3:
  version "2.11.4"
  resolved "https://registry.yarnpkg.com/micromark/-/micromark-2.11.4.tgz#d13436138eea826383e822449c9a5c50ee44665a"
  integrity sha512-+WoovN/ppKolQOFIAajxi7Lu9kInbPxFuTBVEavFcL8eAfVstoc5MocPmqBeAdBOJV00uaVjegzH4+MA0DN/uA==
  dependencies:
    debug "^4.0.0"
    parse-entities "^2.0.0"

ms@2.1.2:
  version "2.1.2"
  resolved "https://registry.yarnpkg.com/ms/-/ms-2.1.2.tgz#d09d1f357b443f493382a8eb3ccd183872ae6009"
  integrity sha512-sGkPx+VjMtmA6MX27oA4FBFELFCZZ4S4XqeGOXCv68tT+jb3vk/RyaKWP0PTKyWtmLSM0b+adUTEvbs1PEaH2w==

not@^0.1.0:
  version "0.1.0"
  resolved "https://registry.yarnpkg.com/not/-/not-0.1.0.tgz#c9691c1746c55dcfbe54cbd8bd4ff041bc2b519d"
  integrity sha1-yWkcF0bFXc++VMvYvU/wQbwrUZ0=

nth-check@^2.0.0:
  version "2.0.0"
  resolved "https://registry.yarnpkg.com/nth-check/-/nth-check-2.0.0.tgz#1bb4f6dac70072fc313e8c9cd1417b5074c0a125"
  integrity sha512-i4sc/Kj8htBrAiH1viZ0TgU8Y5XqCaV/FziYK6TBczxmeKm3AEFWqqF3195yKudrarqy7Zu80Ra5dobFjn9X/Q==
  dependencies:
    boolbase "^1.0.0"

object-assign@^4.0.0:
  version "4.1.1"
  resolved "https://registry.yarnpkg.com/object-assign/-/object-assign-4.1.1.tgz#2109adc7965887cfc05cbbd442cac8bfbb360863"
  integrity sha1-IQmtx5ZYh8/AXLvUQsrIv7s2CGM=

parse-entities@^2.0.0:
  version "2.0.0"
  resolved "https://registry.yarnpkg.com/parse-entities/-/parse-entities-2.0.0.tgz#53c6eb5b9314a1f4ec99fa0fdf7ce01ecda0cbe8"
  integrity sha512-kkywGpCcRYhqQIchaWqZ875wzpS/bMKhz5HnN3p7wveJTkTtyAB/AlnS0f8DFSqYW1T82t6yEAkEcB+A1I3MbQ==
  dependencies:
    character-entities "^1.0.0"
    character-entities-legacy "^1.0.0"
    character-reference-invalid "^1.0.0"
    is-alphanumerical "^1.0.0"
    is-decimal "^1.0.0"
    is-hexadecimal "^1.0.0"

parse5@^6.0.0:
  version "6.0.1"
  resolved "https://registry.yarnpkg.com/parse5/-/parse5-6.0.1.tgz#e1a1c085c569b3dc08321184f19a39cc27f7c30b"
  integrity sha512-Ofn/CTFzRGTTxwpNEs9PP93gXShHcTq255nzRYSKe8AkVpZY7e1fpmTfOyoIvjP5HG7Z2ZM7VS9PPhQGW2pOpw==

property-information@^5.0.0:
  version "5.6.0"
  resolved "https://registry.yarnpkg.com/property-information/-/property-information-5.6.0.tgz#61675545fb23002f245c6540ec46077d4da3ed69"
  integrity sha512-YUHSPk+A30YPv+0Qf8i9Mbfe/C0hdPXk1s1jPVToV8pk8BQtpw10ct89Eo7OWkutrwqvT0eicAxlOg3dOAu8JA==
  dependencies:
    xtend "^4.0.0"

rehype-parse@^7.0.1:
  version "7.0.1"
  resolved "https://registry.yarnpkg.com/rehype-parse/-/rehype-parse-7.0.1.tgz#58900f6702b56767814afc2a9efa2d42b1c90c57"
  integrity sha512-fOiR9a9xH+Le19i4fGzIEowAbwG7idy2Jzs4mOrFWBSJ0sNUgy0ev871dwWnbOo371SjgjG4pwzrbgSVrKxecw==
  dependencies:
    hast-util-from-parse5 "^6.0.0"
    parse5 "^6.0.0"

rehype-stringify@^8.0.0:
  version "8.0.0"
  resolved "https://registry.yarnpkg.com/rehype-stringify/-/rehype-stringify-8.0.0.tgz#9b6afb599bcf3165f10f93fc8548f9a03d2ec2ba"
  integrity sha512-VkIs18G0pj2xklyllrPSvdShAV36Ff3yE5PUO9u36f6+2qJFnn22Z5gKwBOwgXviux4UC7K+/j13AnZfPICi/g==
  dependencies:
    hast-util-to-html "^7.1.1"

remark-frontmatter@^3.0.0:
  version "3.0.0"
  resolved "https://registry.yarnpkg.com/remark-frontmatter/-/remark-frontmatter-3.0.0.tgz#ca5d996361765c859bd944505f377d6b186a6ec6"
  integrity sha512-mSuDd3svCHs+2PyO29h7iijIZx4plX0fheacJcAoYAASfgzgVIcXGYSq9GFyYocFLftQs8IOmmkgtOovs6d4oA==
  dependencies:
    mdast-util-frontmatter "^0.2.0"
    micromark-extension-frontmatter "^0.2.0"

remark-gfm@^1.0.0:
  version "1.0.0"
  resolved "https://registry.yarnpkg.com/remark-gfm/-/remark-gfm-1.0.0.tgz#9213643001be3f277da6256464d56fd28c3b3c0d"
  integrity sha512-KfexHJCiqvrdBZVbQ6RopMZGwaXz6wFJEfByIuEwGf0arvITHjiKKZ1dpXujjH9KZdm1//XJQwgfnJ3lmXaDPA==
  dependencies:
    mdast-util-gfm "^0.1.0"
    micromark-extension-gfm "^0.3.0"

remark-parse@^9.0.0:
  version "9.0.0"
  resolved "https://registry.yarnpkg.com/remark-parse/-/remark-parse-9.0.0.tgz#4d20a299665880e4f4af5d90b7c7b8a935853640"
  integrity sha512-geKatMwSzEXKHuzBNU1z676sGcDcFoChMK38TgdHJNAYfFtsfHDQG7MoJAjs6sgYMqyLduCYWDIWZIxiPeafEw==
  dependencies:
    mdast-util-from-markdown "^0.8.0"

remark-stringify@^9.0.0, remark-stringify@^9.0.1:
  version "9.0.1"
  resolved "https://registry.yarnpkg.com/remark-stringify/-/remark-stringify-9.0.1.tgz#576d06e910548b0a7191a71f27b33f1218862894"
  integrity sha512-mWmNg3ZtESvZS8fv5PTvaPckdL4iNlCHTt8/e/8oN08nArHRHjNZMKzA/YW3+p7/lYqIw4nx1XsjCBo/AxNChg==
  dependencies:
    mdast-util-to-markdown "^0.6.0"

remark@^13.0.0:
  version "13.0.0"
  resolved "https://registry.yarnpkg.com/remark/-/remark-13.0.0.tgz#d15d9bf71a402f40287ebe36067b66d54868e425"
  integrity sha512-HDz1+IKGtOyWN+QgBiAT0kn+2s6ovOxHyPAFGKVE81VSzJ+mq7RwHFledEvB5F1p4iJvOah/LOKdFuzvRnNLCA==
  dependencies:
    remark-parse "^9.0.0"
    remark-stringify "^9.0.0"
    unified "^9.1.0"

repeat-string@^1.0.0, repeat-string@^1.5.0:
  version "1.6.1"
  resolved "https://registry.yarnpkg.com/repeat-string/-/repeat-string-1.6.1.tgz#8dcae470e1c88abc2d600fff4a776286da75e637"
  integrity sha1-jcrkcOHIirwtYA//Sndihtp15jc=

space-separated-tokens@^1.0.0:
  version "1.1.5"
  resolved "https://registry.yarnpkg.com/space-separated-tokens/-/space-separated-tokens-1.1.5.tgz#85f32c3d10d9682007e917414ddc5c26d1aa6899"
  integrity sha512-q/JSVd1Lptzhf5bkYm4ob4iWPjx0KiRe3sRFBNrVqbJkFaBm5vbbowy1mymoPNLRa52+oadOhJ+K49wsSeSjTA==

string-width@^4.0.0:
  version "4.2.0"
  resolved "https://registry.yarnpkg.com/string-width/-/string-width-4.2.0.tgz#952182c46cc7b2c313d1596e623992bd163b72b5"
  integrity sha512-zUz5JD+tgqtuDjMhwIg5uFVV3dtqZ9yQJlZVfq4I01/K5Paj5UHj7VyrQOJvzawSVlKpObApbfD0Ed6yJc+1eg==
  dependencies:
    emoji-regex "^8.0.0"
    is-fullwidth-code-point "^3.0.0"
    strip-ansi "^6.0.0"

stringify-entities@^3.0.1:
  version "3.1.0"
  resolved "https://registry.yarnpkg.com/stringify-entities/-/stringify-entities-3.1.0.tgz#b8d3feac256d9ffcc9fa1fefdcf3ca70576ee903"
  integrity sha512-3FP+jGMmMV/ffZs86MoghGqAoqXAdxLrJP4GUdrDN1aIScYih5tuIO3eF4To5AJZ79KDZ8Fpdy7QJnK8SsL1Vg==
  dependencies:
    character-entities-html4 "^1.0.0"
    character-entities-legacy "^1.0.0"
    xtend "^4.0.0"

strip-ansi@^6.0.0:
  version "6.0.0"
  resolved "https://registry.yarnpkg.com/strip-ansi/-/strip-ansi-6.0.0.tgz#0b1571dd7669ccd4f3e06e14ef1eed26225ae532"
  integrity sha512-AuvKTrTfQNYNIctbR1K/YGTR1756GycPsg7b9bdV9Duqur4gv6aKqHXah67Z8ImS7WEz5QVcOtlfW2rZEugt6w==
  dependencies:
    ansi-regex "^5.0.0"

supports-color@^6.0.0:
  version "6.1.0"
  resolved "https://registry.yarnpkg.com/supports-color/-/supports-color-6.1.0.tgz#0764abc69c63d5ac842dd4867e8d025e880df8f3"
  integrity sha512-qe1jfm1Mg7Nq/NSh6XE24gPXROEVsWHxC1LIx//XNlD9iw7YZQGjZNjYN7xGaEG6iKdA8EtNFW6R0gjnVXp+wQ==
  dependencies:
    has-flag "^3.0.0"

to-vfile@^6.1.0:
  version "6.1.0"
  resolved "https://registry.yarnpkg.com/to-vfile/-/to-vfile-6.1.0.tgz#5f7a3f65813c2c4e34ee1f7643a5646344627699"
  integrity sha512-BxX8EkCxOAZe+D/ToHdDsJcVI4HqQfmw0tCkp31zf3dNP/XWIAjU4CmeuSwsSoOzOTqHPOL0KUzyZqJplkD0Qw==
  dependencies:
    is-buffer "^2.0.0"
    vfile "^4.0.0"

trough@^1.0.0:
  version "1.0.5"
  resolved "https://registry.yarnpkg.com/trough/-/trough-1.0.5.tgz#b8b639cefad7d0bb2abd37d433ff8293efa5f406"
  integrity sha512-rvuRbTarPXmMb79SmzEp8aqXNKcK+y0XaB298IXueQ8I2PsrATcPBCSPyK/dDNa2iWOhKlfNnOjdAOTBU/nkFA==

unified@^9.1.0, unified@^9.2.0:
  version "9.2.0"
  resolved "https://registry.yarnpkg.com/unified/-/unified-9.2.0.tgz#67a62c627c40589edebbf60f53edfd4d822027f8"
  integrity sha512-vx2Z0vY+a3YoTj8+pttM3tiJHCwY5UFbYdiWrwBEbHmK8pvsPj2rtAX2BFfgXen8T39CJWblWRDT4L5WGXtDdg==
  dependencies:
    bail "^1.0.0"
    extend "^3.0.0"
    is-buffer "^2.0.0"
    is-plain-obj "^2.0.0"
    trough "^1.0.0"
    vfile "^4.0.0"

unist-util-filter@^2.0.3:
  version "2.0.3"
  resolved "https://registry.yarnpkg.com/unist-util-filter/-/unist-util-filter-2.0.3.tgz#558cf866016f0e7ade1e30ef190abf253111dd39"
  integrity sha512-8k6Jl/KLFqIRTHydJlHh6+uFgqYHq66pV75pZgr1JwfyFSjbWb12yfb0yitW/0TbHXjr9U4G9BQpOvMANB+ExA==
  dependencies:
    unist-util-is "^4.0.0"

unist-util-find-after@^3.0.0:
  version "3.0.0"
  resolved "https://registry.yarnpkg.com/unist-util-find-after/-/unist-util-find-after-3.0.0.tgz#5c65fcebf64d4f8f496db46fa8fd0fbf354b43e6"
  integrity sha512-ojlBqfsBftYXExNu3+hHLfJQ/X1jYY/9vdm4yZWjIbf0VuWF6CRufci1ZyoD/wV2TYMKxXUoNuoqwy+CkgzAiQ==
  dependencies:
    unist-util-is "^4.0.0"

unist-util-find-all-after@^3.0.2:
  version "3.0.2"
  resolved "https://registry.yarnpkg.com/unist-util-find-all-after/-/unist-util-find-all-after-3.0.2.tgz#fdfecd14c5b7aea5e9ef38d5e0d5f774eeb561f6"
  integrity sha512-xaTC/AGZ0rIM2gM28YVRAFPIZpzbpDtU3dRmp7EXlNVA8ziQc4hY3H7BHXM1J49nEmiqc3svnqMReW+PGqbZKQ==
  dependencies:
    unist-util-is "^4.0.0"

unist-util-find-all-before@^3.0.1:
  version "3.0.1"
  resolved "https://registry.yarnpkg.com/unist-util-find-all-before/-/unist-util-find-all-before-3.0.1.tgz#c72018ef609168009d9e48c012c3135eb9fd3eaa"
  integrity sha512-00YMzXOOu4z/qCHKQI6z7TeERAbIBda0E/1sZqP0cJdGd3d1OtUPvQlMhNCwz4QBFo//GcW2dHOYXPdu3jINdA==
  dependencies:
    unist-util-is "^4.0.0"

unist-util-find-all-between@^2.1.0:
  version "2.1.0"
  resolved "https://registry.yarnpkg.com/unist-util-find-all-between/-/unist-util-find-all-between-2.1.0.tgz#18ddb51f7abc4e22c645b4321e82ab6a6decc640"
  integrity sha512-OCCUtDD8UHKeODw3TPXyFDxPCbpgBzbGTTaDpR68nvxkwiVcawBqMVrokfBMvUi7ij2F5q7S4s4Jq5dvkcBt+w==
  dependencies:
    unist-util-find "^1.0.1"
    unist-util-is "^4.0.2"

unist-util-find-before@^2.0.5:
  version "2.0.5"
  resolved "https://registry.yarnpkg.com/unist-util-find-before/-/unist-util-find-before-2.0.5.tgz#829b3cfa5e40b8f47c6908b2593c0a2f5cc037c9"
  integrity sha512-6WeMwHCC+CLB6D78xdqLq9DVgRope3rZVAUp4bUTevLKq63adgZTHqQ9Xagd5d69vUqTKZA1kA+DQbdaVgd65g==
  dependencies:
    unist-util-is "^4.0.0"

unist-util-find@^1.0.1:
  version "1.0.2"
  resolved "https://registry.yarnpkg.com/unist-util-find/-/unist-util-find-1.0.2.tgz#4d5b01a69fca2a382ad4f55f9865e402129ecf56"
  integrity sha512-ft06UDYzqi9o9RmGP0sZWI/zvLLQiBW2/MD+rW6mDqbOWDcmknGX9orQPspfuGRYWr8eSJAmfsBcvOpfGRJseA==
  dependencies:
    lodash.iteratee "^4.5.0"
    unist-util-visit "^1.1.0"

unist-util-is@^3.0.0:
  version "3.0.0"
  resolved "https://registry.yarnpkg.com/unist-util-is/-/unist-util-is-3.0.0.tgz#d9e84381c2468e82629e4a5be9d7d05a2dd324cd"
  integrity sha512-sVZZX3+kspVNmLWBPAB6r+7D9ZgAFPNWm66f7YNb420RlQSbn+n8rG8dGZSkrER7ZIXGQYNm5pqC3v3HopH24A==

unist-util-is@^4.0.0, unist-util-is@^4.0.2, unist-util-is@^4.0.4:
  version "4.0.4"
  resolved "https://registry.yarnpkg.com/unist-util-is/-/unist-util-is-4.0.4.tgz#3e9e8de6af2eb0039a59f50c9b3e99698a924f50"
  integrity sha512-3dF39j/u423v4BBQrk1AQ2Ve1FxY5W3JKwXxVFzBODQ6WEvccguhgp802qQLKSnxPODE6WuRZtV+ohlUg4meBA==

unist-util-map@^2.0.1:
  version "2.0.1"
  resolved "https://registry.yarnpkg.com/unist-util-map/-/unist-util-map-2.0.1.tgz#c3fca064486d3937c4dad8b39c64974faae7c7c4"
  integrity sha512-VdNvk4BQUUU9Rgr8iUOvclHa/iN9O+6Dt66FKij8l9OVezGG37gGWCPU5KSax1R2degqXFvl3kWTkvzL79e9tQ==
  dependencies:
    "@types/mdast" "^3.0.0"
    object-assign "^4.0.0"

unist-util-remove@^2.0.1:
  version "2.0.1"
  resolved "https://registry.yarnpkg.com/unist-util-remove/-/unist-util-remove-2.0.1.tgz#fa13c424ff8e964f3aa20d1098b9a690c6bfaa39"
  integrity sha512-YtuetK6o16CMfG+0u4nndsWpujgsHDHHLyE0yGpJLLn5xSjKeyGyzEBOI2XbmoUHCYabmNgX52uxlWoQhcvR7Q==
  dependencies:
    unist-util-is "^4.0.0"

unist-util-select@^3.0.4:
  version "3.0.4"
  resolved "https://registry.yarnpkg.com/unist-util-select/-/unist-util-select-3.0.4.tgz#702c9dc1db1b2bbbfe27f796fce99e43f25edc60"
  integrity sha512-xf1zCu4okgPqGLdhCDpRnjwBNyv3EqjiXRUbz2SdK1+qnLMB7uXXajfzuBvvbHoQ+JLyp4AEbFCGndmc6S72sw==
  dependencies:
    css-selector-parser "^1.0.0"
    not "^0.1.0"
    nth-check "^2.0.0"
    unist-util-is "^4.0.0"
    zwitch "^1.0.0"

unist-util-stringify-position@^2.0.0:
  version "2.0.3"
  resolved "https://registry.yarnpkg.com/unist-util-stringify-position/-/unist-util-stringify-position-2.0.3.tgz#cce3bfa1cdf85ba7375d1d5b17bdc4cada9bd9da"
  integrity sha512-3faScn5I+hy9VleOq/qNbAd6pAx7iH5jYBMS9I1HgQVijz/4mv5Bvw5iw1sC/90CODiKo81G/ps8AJrISn687g==
  dependencies:
    "@types/unist" "^2.0.2"

unist-util-visit-children@^1.1.4:
  version "1.1.4"
  resolved "https://registry.yarnpkg.com/unist-util-visit-children/-/unist-util-visit-children-1.1.4.tgz#e8a087e58a33a2815f76ea1901c15dec2cb4b432"
  integrity sha512-sA/nXwYRCQVRwZU2/tQWUqJ9JSFM1X3x7JIOsIgSzrFHcfVt6NkzDtKzyxg2cZWkCwGF9CO8x4QNZRJRMK8FeQ==

unist-util-visit-parents@^2.0.0:
  version "2.1.2"
  resolved "https://registry.yarnpkg.com/unist-util-visit-parents/-/unist-util-visit-parents-2.1.2.tgz#25e43e55312166f3348cae6743588781d112c1e9"
  integrity sha512-DyN5vD4NE3aSeB+PXYNKxzGsfocxp6asDc2XXE3b0ekO2BaRUpBicbbUygfSvYfUz1IkmjFR1YF7dPklraMZ2g==
  dependencies:
    unist-util-is "^3.0.0"

unist-util-visit-parents@^3.0.0, unist-util-visit-parents@^3.1.1:
  version "3.1.1"
  resolved "https://registry.yarnpkg.com/unist-util-visit-parents/-/unist-util-visit-parents-3.1.1.tgz#65a6ce698f78a6b0f56aa0e88f13801886cdaef6"
  integrity sha512-1KROIZWo6bcMrZEwiH2UrXDyalAa0uqzWCxCJj6lPOvTve2WkfgCytoDTPaMnodXh1WrXOq0haVYHj99ynJlsg==
  dependencies:
    "@types/unist" "^2.0.0"
    unist-util-is "^4.0.0"

unist-util-visit@^1.1.0:
  version "1.4.1"
  resolved "https://registry.yarnpkg.com/unist-util-visit/-/unist-util-visit-1.4.1.tgz#4724aaa8486e6ee6e26d7ff3c8685960d560b1e3"
  integrity sha512-AvGNk7Bb//EmJZyhtRUnNMEpId/AZ5Ph/KUpTI09WHQuDZHKovQ1oEv3mfmKpWKtoMzyMC4GLBm1Zy5k12fjIw==
  dependencies:
    unist-util-visit-parents "^2.0.0"

unist-util-visit@^2.0.3:
  version "2.0.3"
  resolved "https://registry.yarnpkg.com/unist-util-visit/-/unist-util-visit-2.0.3.tgz#c3703893146df47203bb8a9795af47d7b971208c"
  integrity sha512-iJ4/RczbJMkD0712mGktuGpm/U4By4FfDonL7N/9tATGIF4imikjOuagyMY53tnZq3NP6BcmlrHhEKAfGWjh7Q==
  dependencies:
    "@types/unist" "^2.0.0"
    unist-util-is "^4.0.0"
    unist-util-visit-parents "^3.0.0"

universalify@^2.0.0:
  version "2.0.0"
  resolved "https://registry.yarnpkg.com/universalify/-/universalify-2.0.0.tgz#75a4984efedc4b08975c5aeb73f530d02df25717"
  integrity sha512-hAZsKq7Yy11Zu1DE0OzWjw7nnLZmJZYTDZZyEFHZdUhV8FkH5MCfoU1XMaxXovpyW5nq5scPqq0ZDP9Zyl04oQ==

vfile-location@^3.2.0:
  version "3.2.0"
  resolved "https://registry.yarnpkg.com/vfile-location/-/vfile-location-3.2.0.tgz#d8e41fbcbd406063669ebf6c33d56ae8721d0f3c"
  integrity sha512-aLEIZKv/oxuCDZ8lkJGhuhztf/BW4M+iHdCwglA/eWc+vtuRFJj8EtgceYFX4LRjOhCAAiNHsKGssC6onJ+jbA==

vfile-message@^2.0.0:
  version "2.0.4"
  resolved "https://registry.yarnpkg.com/vfile-message/-/vfile-message-2.0.4.tgz#5b43b88171d409eae58477d13f23dd41d52c371a"
  integrity sha512-DjssxRGkMvifUOJre00juHoP9DPWuzjxKuMDrhNbk2TdaYYBNMStsNhEOt3idrtI12VQYM/1+iM0KOzXi4pxwQ==
  dependencies:
    "@types/unist" "^2.0.0"
    unist-util-stringify-position "^2.0.0"

vfile-reporter@^6.0.2:
  version "6.0.2"
  resolved "https://registry.yarnpkg.com/vfile-reporter/-/vfile-reporter-6.0.2.tgz#cbddaea2eec560f27574ce7b7b269822c191a676"
  integrity sha512-GN2bH2gs4eLnw/4jPSgfBjo+XCuvnX9elHICJZjVD4+NM0nsUrMTvdjGY5Sc/XG69XVTgLwj7hknQVc6M9FukA==
  dependencies:
    repeat-string "^1.5.0"
    string-width "^4.0.0"
    supports-color "^6.0.0"
    unist-util-stringify-position "^2.0.0"
    vfile-sort "^2.1.2"
    vfile-statistics "^1.1.0"

vfile-sort@^2.1.2:
  version "2.2.2"
  resolved "https://registry.yarnpkg.com/vfile-sort/-/vfile-sort-2.2.2.tgz#720fe067ce156aba0b411a01bb0dc65596aa1190"
  integrity sha512-tAyUqD2R1l/7Rn7ixdGkhXLD3zsg+XLAeUDUhXearjfIcpL1Hcsj5hHpCoy/gvfK/Ws61+e972fm0F7up7hfYA==

vfile-statistics@^1.1.0:
  version "1.1.4"
  resolved "https://registry.yarnpkg.com/vfile-statistics/-/vfile-statistics-1.1.4.tgz#b99fd15ecf0f44ba088cc973425d666cb7a9f245"
  integrity sha512-lXhElVO0Rq3frgPvFBwahmed3X03vjPF8OcjKMy8+F1xU/3Q3QU3tKEDp743SFtb74PdF0UWpxPvtOP0GCLheA==

vfile@^4.0.0:
  version "4.2.1"
  resolved "https://registry.yarnpkg.com/vfile/-/vfile-4.2.1.tgz#03f1dce28fc625c625bc6514350fbdb00fa9e624"
  integrity sha512-O6AE4OskCG5S1emQ/4gl8zK586RqA3srz3nfK/Viy0UPToBc5Trp9BVFb1u0CjsKrAWwnpr4ifM/KBXPWwJbCA==
  dependencies:
    "@types/unist" "^2.0.0"
    is-buffer "^2.0.0"
    unist-util-stringify-position "^2.0.0"
    vfile-message "^2.0.0"

web-namespaces@^1.0.0:
  version "1.1.4"
  resolved "https://registry.yarnpkg.com/web-namespaces/-/web-namespaces-1.1.4.tgz#bc98a3de60dadd7faefc403d1076d529f5e030ec"
  integrity sha512-wYxSGajtmoP4WxfejAPIr4l0fVh+jeMXZb08wNc0tMg6xsfZXj3cECqIK0G7ZAqUq0PP8WlMDtaOGVBTAWztNw==

xtend@^4.0.0:
  version "4.0.2"
  resolved "https://registry.yarnpkg.com/xtend/-/xtend-4.0.2.tgz#bb72779f5fa465186b1f438f674fa347fdb5db54"
  integrity sha512-LKYU1iAXJXUgAXn9URjiu+MWhyUXHsvfp7mcuYm9dSUKK0/CjtrUwFAxD82/mCWbtLsGjFIad0wIsod4zrTAEQ==

zwitch@^1.0.0:
  version "1.0.5"
  resolved "https://registry.yarnpkg.com/zwitch/-/zwitch-1.0.5.tgz#d11d7381ffed16b742f6af7b3f223d5cd9fe9920"
  integrity sha512-V50KMwwzqJV0NpZIZFwfOD5/lyny3WlSzRiXgA0G7VUnRlqttta1L6UQIHzd6EuBY/cHGfwTIck7w1yH6Q5zUw==
